
Microsoft Visual Studio Solution File, Format Version 12.00
# Visual Studio Version 17
VisualStudioVersion = 17.6.33801.468
MinimumVisualStudioVersion = 10.0.40219.1
Project("{FAE04EC0-301F-11D3-BF4B-00C04F79EFBC}") = "Ultimo", "Ultimo\Ultimo.csproj", "{05125840-0704-4163-BCA5-B7B28C92598E}"
EndProject
Global
	GlobalSection(SolutionConfigurationPlatforms) = preSolution
		Debug|Any CPU = Debug|Any CPU
		Release|Any CPU = Release|Any CPU
	EndGlobalSection
	GlobalSection(ProjectConfigurationPlatforms) = postSolution
		{05125840-0704-4163-BCA5-B7B28C92598E}.Debug|Any CPU.ActiveCfg = Debug|Any CPU
		{05125840-0704-4163-BCA5-B7B28C92598E}.Debug|Any CPU.Build.0 = Debug|Any CPU
		{05125840-0704-4163-BCA5-B7B28C92598E}.Release|Any CPU.ActiveCfg = Release|Any CPU
		{05125840-0704-4163-BCA5-B7B28C92598E}.Release|Any CPU.Build.0 = Release|Any CPU
	EndGlobalSection
	GlobalSection(SolutionProperties) = preSolution
		HideSolutionNode = FALSE
	EndGlobalSection
	GlobalSection(ExtensibilityGlobals) = postSolution
		SolutionGuid = {0A73743F-020A-427B-8023-F73216AB5B31}
	EndGlobalSection
EndGlobal
